// !$*UTF8*$!
{
	archiveVersion = 1;
	classes = {
	};
	objectVersion = 46;
	objects = {

/* Begin PBXBuildFile section */
		52ECF8081B41A7F400D5AAB7 /* AppDelegate.swift in Sources */ = {isa = PBXBuildFile; fileRef = 52ECF8071B41A7F400D5AAB7 /* AppDelegate.swift */; };
		52ECF80A1B41A7F400D5AAB7 /* ViewController.swift in Sources */ = {isa = PBXBuildFile; fileRef = 52ECF8091B41A7F400D5AAB7 /* ViewController.swift */; };
		52ECF80D1B41A7F400D5AAB7 /* Main.storyboard in Resources */ = {isa = PBXBuildFile; fileRef = 52ECF80B1B41A7F400D5AAB7 /* Main.storyboard */; };
		52ECF80F1B41A7F400D5AAB7 /* Assets.xcassets in Resources */ = {isa = PBXBuildFile; fileRef = 52ECF80E1B41A7F400D5AAB7 /* Assets.xcassets */; };
		52ECF8121B41A7F400D5AAB7 /* LaunchScreen.storyboard in Resources */ = {isa = PBXBuildFile; fileRef = 52ECF8101B41A7F400D5AAB7 /* LaunchScreen.storyboard */; };
		52ECF81D1B41A7F400D5AAB7 /* UserTokensTests.swift in Sources */ = {isa = PBXBuildFile; fileRef = 52ECF81C1B41A7F400D5AAB7 /* UserTokensTests.swift */; };
		52ECF8281B41A7F400D5AAB7 /* UserTokensUITests.swift in Sources */ = {isa = PBXBuildFile; fileRef = 52ECF8271B41A7F400D5AAB7 /* UserTokensUITests.swift */; };
/* End PBXBuildFile section */

/* Begin PBXContainerItemProxy section */
		52ECF8191B41A7F400D5AAB7 /* PBXContainerItemProxy */ = {
			isa = PBXContainerItemProxy;
			containerPortal = 52ECF7FC1B41A7F400D5AAB7 /* Project object */;
			proxyType = 1;
			remoteGlobalIDString = 52ECF8031B41A7F400D5AAB7;
			remoteInfo = UserTokens;
		};
		52ECF8241B41A7F400D5AAB7 /* PBXContainerItemProxy */ = {
			isa = PBXContainerItemProxy;
			containerPortal = 52ECF7FC1B41A7F400D5AAB7 /* Project object */;
			proxyType = 1;
			remoteGlobalIDString = 52ECF8031B41A7F400D5AAB7;
			remoteInfo = UserTokens;
		};
/* End PBXContainerItemProxy section */

/* Begin PBXFileReference section */
		52ECF8041B41A7F400D5AAB7 /* UserTokens.app */ = {isa = PBXFileReference; explicitFileType = wrapper.application; includeInIndex = 0; path = UserTokens.app; sourceTree = BUILT_PRODUCTS_DIR; };
		52ECF8071B41A7F400D5AAB7 /* AppDelegate.swift */ = {isa = PBXFileReference; lastKnownFileType = sourcecode.swift; path = AppDelegate.swift; sourceTree = "<group>"; };
		52ECF8091B41A7F400D5AAB7 /* ViewController.swift */ = {isa = PBXFileReference; lastKnownFileType = sourcecode.swift; path = ViewController.swift; sourceTree = "<group>"; };
		52ECF80C1B41A7F400D5AAB7 /* Base */ = {isa = PBXFileReference; lastKnownFileType = file.storyboard; name = Base; path = Base.lproj/Main.storyboard; sourceTree = "<group>"; };
		52ECF80E1B41A7F400D5AAB7 /* Assets.xcassets */ = {isa = PBXFileReference; lastKnownFileType = folder.assetcatalog; path = Assets.xcassets; sourceTree = "<group>"; };
		52ECF8111B41A7F400D5AAB7 /* Base */ = {isa = PBXFileReference; lastKnownFileType = file.storyboard; name = Base; path = Base.lproj/LaunchScreen.storyboard; sourceTree = "<group>"; };
		52ECF8131B41A7F400D5AAB7 /* Info.plist */ = {isa = PBXFileReference; lastKnownFileType = text.plist.xml; path = Info.plist; sourceTree = "<group>"; };
		52ECF8181B41A7F400D5AAB7 /* UserTokensTests.xctest */ = {isa = PBXFileReference; explicitFileType = wrapper.cfbundle; includeInIndex = 0; path = UserTokensTests.xctest; sourceTree = BUILT_PRODUCTS_DIR; };
		52ECF81C1B41A7F400D5AAB7 /* UserTokensTests.swift */ = {isa = PBXFileReference; lastKnownFileType = sourcecode.swift; path = UserTokensTests.swift; sourceTree = "<group>"; };
		52ECF81E1B41A7F400D5AAB7 /* Info.plist */ = {isa = PBXFileReference; lastKnownFileType = text.plist.xml; path = Info.plist; sourceTree = "<group>"; };
		52ECF8231B41A7F400D5AAB7 /* UserTokensUITests.xctest */ = {isa = PBXFileReference; explicitFileType = wrapper.cfbundle; includeInIndex = 0; path = UserTokensUITests.xctest; sourceTree = BUILT_PRODUCTS_DIR; };
		52ECF8271B41A7F400D5AAB7 /* UserTokensUITests.swift */ = {isa = PBXFileReference; lastKnownFileType = sourcecode.swift; path = UserTokensUITests.swift; sourceTree = "<group>"; };
		52ECF8291B41A7F400D5AAB7 /* Info.plist */ = {isa = PBXFileReference; lastKnownFileType = text.plist.xml; path = Info.plist; sourceTree = "<group>"; };
/* End PBXFileReference section */

/* Begin PBXFrameworksBuildPhase section */
		52ECF8011B41A7F400D5AAB7 /* Frameworks */ = {
			isa = PBXFrameworksBuildPhase;
			buildActionMask = 2147483647;
			files = (
			);
			runOnlyForDeploymentPostprocessing = 0;
		};
		52ECF8151B41A7F400D5AAB7 /* Frameworks */ = {
			isa = PBXFrameworksBuildPhase;
			buildActionMask = 2147483647;
			files = (
			);
			runOnlyForDeploymentPostprocessing = 0;
		};
		52ECF8201B41A7F400D5AAB7 /* Frameworks */ = {
			isa = PBXFrameworksBuildPhase;
			buildActionMask = 2147483647;
			files = (
			);
			runOnlyForDeploymentPostprocessing = 0;
		};
/* End PBXFrameworksBuildPhase section */

/* Begin PBXGroup section */
		52ECF7FB1B41A7F400D5AAB7 = {
			isa = PBXGroup;
			children = (
				52ECF8061B41A7F400D5AAB7 /* UserTokens */,
				52ECF81B1B41A7F400D5AAB7 /* UserTokensTests */,
				52ECF8261B41A7F400D5AAB7 /* UserTokensUITests */,
				52ECF8051B41A7F400D5AAB7 /* Products */,
			);
			sourceTree = "<group>";
		};
		52ECF8051B41A7F400D5AAB7 /* Products */ = {
			isa = PBXGroup;
			children = (
				52ECF8041B41A7F400D5AAB7 /* UserTokens.app */,
				52ECF8181B41A7F400D5AAB7 /* UserTokensTests.xctest */,
				52ECF8231B41A7F400D5AAB7 /* UserTokensUITests.xctest */,
			);
			name = Products;
			sourceTree = "<group>";
		};
		52ECF8061B41A7F400D5AAB7 /* UserTokens */ = {
			isa = PBXGroup;
			children = (
				52ECF8071B41A7F400D5AAB7 /* AppDelegate.swift */,
				52ECF8091B41A7F400D5AAB7 /* ViewController.swift */,
				52ECF80B1B41A7F400D5AAB7 /* Main.storyboard */,
				52ECF80E1B41A7F400D5AAB7 /* Assets.xcassets */,
				52ECF8101B41A7F400D5AAB7 /* LaunchScreen.storyboard */,
				52ECF8131B41A7F400D5AAB7 /* Info.plist */,
			);
			path = UserTokens;
			sourceTree = "<group>";
		};
		52ECF81B1B41A7F400D5AAB7 /* UserTokensTests */ = {
			isa = PBXGroup;
			children = (
				52ECF81C1B41A7F400D5AAB7 /* UserTokensTests.swift */,
				52ECF81E1B41A7F400D5AAB7 /* Info.plist */,
			);
			path = UserTokensTests;
			sourceTree = "<group>";
		};
		52ECF8261B41A7F400D5AAB7 /* UserTokensUITests */ = {
			isa = PBXGroup;
			children = (
				52ECF8271B41A7F400D5AAB7 /* UserTokensUITests.swift */,
				52ECF8291B41A7F400D5AAB7 /* Info.plist */,
			);
			path = UserTokensUITests;
			sourceTree = "<group>";
		};
/* End PBXGroup section */

/* Begin PBXNativeTarget section */
		52ECF8031B41A7F400D5AAB7 /* UserTokens */ = {
			isa = PBXNativeTarget;
			buildConfigurationList = 52ECF82C1B41A7F400D5AAB7 /* Build configuration list for PBXNativeTarget "UserTokens" */;
			buildPhases = (
				52ECF8001B41A7F400D5AAB7 /* Sources */,
				52ECF8011B41A7F400D5AAB7 /* Frameworks */,
				52ECF8021B41A7F400D5AAB7 /* Resources */,
			);
			buildRules = (
			);
			dependencies = (
			);
			name = UserTokens;
			productName = UserTokens;
			productReference = 52ECF8041B41A7F400D5AAB7 /* UserTokens.app */;
			productType = "com.apple.product-type.application";
		};
		52ECF8171B41A7F400D5AAB7 /* UserTokensTests */ = {
			isa = PBXNativeTarget;
			buildConfigurationList = 52ECF82F1B41A7F400D5AAB7 /* Build configuration list for PBXNativeTarget "UserTokensTests" */;
			buildPhases = (
				52ECF8141B41A7F400D5AAB7 /* Sources */,
				52ECF8151B41A7F400D5AAB7 /* Frameworks */,
				52ECF8161B41A7F400D5AAB7 /* Resources */,
			);
			buildRules = (
			);
			dependencies = (
				52ECF81A1B41A7F400D5AAB7 /* PBXTargetDependency */,
			);
			name = UserTokensTests;
			productName = UserTokensTests;
			productReference = 52ECF8181B41A7F400D5AAB7 /* UserTokensTests.xctest */;
			productType = "com.apple.product-type.bundle.unit-test";
		};
		52ECF8221B41A7F400D5AAB7 /* UserTokensUITests */ = {
			isa = PBXNativeTarget;
			buildConfigurationList = 52ECF8321B41A7F400D5AAB7 /* Build configuration list for PBXNativeTarget "UserTokensUITests" */;
			buildPhases = (
				52ECF81F1B41A7F400D5AAB7 /* Sources */,
				52ECF8201B41A7F400D5AAB7 /* Frameworks */,
				52ECF8211B41A7F400D5AAB7 /* Resources */,
			);
			buildRules = (
			);
			dependencies = (
				52ECF8251B41A7F400D5AAB7 /* PBXTargetDependency */,
			);
			name = UserTokensUITests;
			productName = UserTokensUITests;
			productReference = 52ECF8231B41A7F400D5AAB7 /* UserTokensUITests.xctest */;
			productType = "com.apple.product-type.bundle.ui-testing";
		};
/* End PBXNativeTarget section */

/* Begin PBXProject section */
		52ECF7FC1B41A7F400D5AAB7 /* Project object */ = {
			isa = PBXProject;
			attributes = {
				LastUpgradeCheck = 0700;
				ORGANIZATIONNAME = "HumanAPI-JohnRegner";
				TargetAttributes = {
					52ECF8031B41A7F400D5AAB7 = {
						CreatedOnToolsVersion = 7.0;
					};
					52ECF8171B41A7F400D5AAB7 = {
						CreatedOnToolsVersion = 7.0;
						TestTargetID = 52ECF8031B41A7F400D5AAB7;
					};
					52ECF8221B41A7F400D5AAB7 = {
						CreatedOnToolsVersion = 7.0;
						TestTargetID = 52ECF8031B41A7F400D5AAB7;
					};
				};
			};
			buildConfigurationList = 52ECF7FF1B41A7F400D5AAB7 /* Build configuration list for PBXProject "UserTokens" */;
			compatibilityVersion = "Xcode 3.2";
			developmentRegion = English;
			hasScannedForEncodings = 0;
			knownRegions = (
				en,
				Base,
			);
			mainGroup = 52ECF7FB1B41A7F400D5AAB7;
			productRefGroup = 52ECF8051B41A7F400D5AAB7 /* Products */;
			projectDirPath = "";
			projectRoot = "";
			targets = (
				52ECF8031B41A7F400D5AAB7 /* UserTokens */,
				52ECF8171B41A7F400D5AAB7 /* UserTokensTests */,
				52ECF8221B41A7F400D5AAB7 /* UserTokensUITests */,
			);
		};
/* End PBXProject section */

/* Begin PBXResourcesBuildPhase section */
		52ECF8021B41A7F400D5AAB7 /* Resources */ = {
			isa = PBXResourcesBuildPhase;
			buildActionMask = 2147483647;
			files = (
				52ECF8121B41A7F400D5AAB7 /* LaunchScreen.storyboard in Resources */,
				52ECF80F1B41A7F400D5AAB7 /* Assets.xcassets in Resources */,
				52ECF80D1B41A7F400D5AAB7 /* Main.storyboard in Resources */,
			);
			runOnlyForDeploymentPostprocessing = 0;
		};
		52ECF8161B41A7F400D5AAB7 /* Resources */ = {
			isa = PBXResourcesBuildPhase;
			buildActionMask = 2147483647;
			files = (
			);
			runOnlyForDeploymentPostprocessing = 0;
		};
		52ECF8211B41A7F400D5AAB7 /* Resources */ = {
			isa = PBXResourcesBuildPhase;
			buildActionMask = 2147483647;
			files = (
			);
			runOnlyForDeploymentPostprocessing = 0;
		};
/* End PBXResourcesBuildPhase section */

/* Begin PBXSourcesBuildPhase section */
		52ECF8001B41A7F400D5AAB7 /* Sources */ = {
			isa = PBXSourcesBuildPhase;
			buildActionMask = 2147483647;
			files = (
				52ECF80A1B41A7F400D5AAB7 /* ViewController.swift in Sources */,
				52ECF8081B41A7F400D5AAB7 /* AppDelegate.swift in Sources */,
			);
			runOnlyForDeploymentPostprocessing = 0;
		};
		52ECF8141B41A7F400D5AAB7 /* Sources */ = {
			isa = PBXSourcesBuildPhase;
			buildActionMask = 2147483647;
			files = (
				52ECF81D1B41A7F400D5AAB7 /* UserTokensTests.swift in Sources */,
			);
			runOnlyForDeploymentPostprocessing = 0;
		};
		52ECF81F1B41A7F400D5AAB7 /* Sources */ = {
			isa = PBXSourcesBuildPhase;
			buildActionMask = 2147483647;
			files = (
				52ECF8281B41A7F400D5AAB7 /* UserTokensUITests.swift in Sources */,
			);
			runOnlyForDeploymentPostprocessing = 0;
		};
/* End PBXSourcesBuildPhase section */

/* Begin PBXTargetDependency section */
		52ECF81A1B41A7F400D5AAB7 /* PBXTargetDependency */ = {
			isa = PBXTargetDependency;
			target = 52ECF8031B41A7F400D5AAB7 /* UserTokens */;
			targetProxy = 52ECF8191B41A7F400D5AAB7 /* PBXContainerItemProxy */;
		};
		52ECF8251B41A7F400D5AAB7 /* PBXTargetDependency */ = {
			isa = PBXTargetDependency;
			target = 52ECF8031B41A7F400D5AAB7 /* UserTokens */;
			targetProxy = 52ECF8241B41A7F400D5AAB7 /* PBXContainerItemProxy */;
		};
/* End PBXTargetDependency section */

/* Begin PBXVariantGroup section */
		52ECF80B1B41A7F400D5AAB7 /* Main.storyboard */ = {
			isa = PBXVariantGroup;
			children = (
				52ECF80C1B41A7F400D5AAB7 /* Base */,
			);
			name = Main.storyboard;
			sourceTree = "<group>";
		};
		52ECF8101B41A7F400D5AAB7 /* LaunchScreen.storyboard */ = {
			isa = PBXVariantGroup;
			children = (
				52ECF8111B41A7F400D5AAB7 /* Base */,
			);
			name = LaunchScreen.storyboard;
			sourceTree = "<group>";
		};
/* End PBXVariantGroup section */

/* Begin XCBuildConfiguration section */
		52ECF82A1B41A7F400D5AAB7 /* Debug */ = {
			isa = XCBuildConfiguration;
			buildSettings = {
				ALWAYS_SEARCH_USER_PATHS = NO;
				CLANG_CXX_LANGUAGE_STANDARD = "gnu++0x";
				CLANG_CXX_LIBRARY = "libc++";
				CLANG_ENABLE_MODULES = YES;
				CLANG_ENABLE_OBJC_ARC = YES;
				CLANG_WARN_BOOL_CONVERSION = YES;
				CLANG_WARN_CONSTANT_CONVERSION = YES;
				CLANG_WARN_DIRECT_OBJC_ISA_USAGE = YES_ERROR;
				CLANG_WARN_EMPTY_BODY = YES;
				CLANG_WARN_ENUM_CONVERSION = YES;
				CLANG_WARN_INT_CONVERSION = YES;
				CLANG_WARN_OBJC_ROOT_CLASS = YES_ERROR;
				CLANG_WARN_UNREACHABLE_CODE = YES;
				CLANG_WARN__DUPLICATE_METHOD_MATCH = YES;
				"CODE_SIGN_IDENTITY[sdk=iphoneos*]" = "iPhone Developer";
				COPY_PHASE_STRIP = NO;
				DEBUG_INFORMATION_FORMAT = dwarf;
				ENABLE_STRICT_OBJC_MSGSEND = YES;
				ENABLE_TESTABILITY = YES;
				GCC_C_LANGUAGE_STANDARD = gnu99;
				GCC_DYNAMIC_NO_PIC = NO;
				GCC_NO_COMMON_BLOCKS = YES;
				GCC_OPTIMIZATION_LEVEL = 0;
				GCC_PREPROCESSOR_DEFINITIONS = (
					"DEBUG=1",
					"$(inherited)",
				);
				GCC_WARN_64_TO_32_BIT_CONVERSION = YES;
				GCC_WARN_ABOUT_RETURN_TYPE = YES_ERROR;
				GCC_WARN_UNDECLARED_SELECTOR = YES;
				GCC_WARN_UNINITIALIZED_AUTOS = YES_AGGRESSIVE;
				GCC_WARN_UNUSED_FUNCTION = YES;
				GCC_WARN_UNUSED_VARIABLE = YES;
				IPHONEOS_DEPLOYMENT_TARGET = 9.0;
				MTL_ENABLE_DEBUG_INFO = YES;
				ONLY_ACTIVE_ARCH = YES;
				SDKROOT = iphoneos;
				SWIFT_OPTIMIZATION_LEVEL = "-Onone";
				TARGETED_DEVICE_FAMILY = "1,2";
			};
			name = Debug;
		};
		52ECF82B1B41A7F400D5AAB7 /* Release */ = {
			isa = XCBuildConfiguration;
			buildSettings = {
				ALWAYS_SEARCH_USER_PATHS = NO;
				CLANG_CXX_LANGUAGE_STANDARD = "gnu++0x";
				CLANG_CXX_LIBRARY = "libc++";
				CLANG_ENABLE_MODULES = YES;
				CLANG_ENABLE_OBJC_ARC = YES;
				CLANG_WARN_BOOL_CONVERSION = YES;
				CLANG_WARN_CONSTANT_CONVERSION = YES;
				CLANG_WARN_DIRECT_OBJC_ISA_USAGE = YES_ERROR;
				CLANG_WARN_EMPTY_BODY = YES;
				CLANG_WARN_ENUM_CONVERSION = YES;
				CLANG_WARN_INT_CONVERSION = YES;
				CLANG_WARN_OBJC_ROOT_CLASS = YES_ERROR;
				CLANG_WARN_UNREACHABLE_CODE = YES;
				CLANG_WARN__DUPLICATE_METHOD_MATCH = YES;
				"CODE_SIGN_IDENTITY[sdk=iphoneos*]" = "iPhone Developer";
				COPY_PHASE_STRIP = NO;
				DEBUG_INFORMATION_FORMAT = "dwarf-with-dsym";
				ENABLE_NS_ASSERTIONS = NO;
				ENABLE_STRICT_OBJC_MSGSEND = YES;
				GCC_C_LANGUAGE_STANDARD = gnu99;
				GCC_NO_COMMON_BLOCKS = YES;
				GCC_WARN_64_TO_32_BIT_CONVERSION = YES;
				GCC_WARN_ABOUT_RETURN_TYPE = YES_ERROR;
				GCC_WARN_UNDECLARED_SELECTOR = YES;
				GCC_WARN_UNINITIALIZED_AUTOS = YES_AGGRESSIVE;
				GCC_WARN_UNUSED_FUNCTION = YES;
				GCC_WARN_UNUSED_VARIABLE = YES;
				IPHONEOS_DEPLOYMENT_TARGET = 9.0;
				MTL_ENABLE_DEBUG_INFO = NO;
				SDKROOT = iphoneos;
				TARGETED_DEVICE_FAMILY = "1,2";
				VALIDATE_PRODUCT = YES;
			};
			name = Release;
		};
		52ECF82D1B41A7F400D5AAB7 /* Debug */ = {
			isa = XCBuildConfiguration;
			buildSettings = {
				ASSETCATALOG_COMPILER_APPICON_NAME = AppIcon;
				INFOPLIST_FILE = UserTokens/Info.plist;
				LD_RUNPATH_SEARCH_PATHS = "$(inherited) @executable_path/Frameworks";
				PRODUCT_BUNDLE_IDENTIFIER = com.HumanAPI.johnregner.UserTokens;
				PRODUCT_NAME = "$(TARGET_NAME)";
			};
			name = Debug;
		};
		52ECF82E1B41A7F400D5AAB7 /* Release */ = {
			isa = XCBuildConfiguration;
			buildSettings = {
				ASSETCATALOG_COMPILER_APPICON_NAME = AppIcon;
				INFOPLIST_FILE = UserTokens/Info.plist;
				LD_RUNPATH_SEARCH_PATHS = "$(inherited) @executable_path/Frameworks";
				PRODUCT_BUNDLE_IDENTIFIER = com.HumanAPI.johnregner.UserTokens;
				PRODUCT_NAME = "$(TARGET_NAME)";
			};
			name = Release;
		};
		52ECF8301B41A7F400D5AAB7 /* Debug */ = {
			isa = XCBuildConfiguration;
			buildSettings = {
				BUNDLE_LOADER = "$(TEST_HOST)";
				INFOPLIST_FILE = UserTokensTests/Info.plist;
				LD_RUNPATH_SEARCH_PATHS = "$(inherited) @executable_path/Frameworks @loader_path/Frameworks";
				PRODUCT_BUNDLE_IDENTIFIER = com.HumanAPI.johnregner.UserTokensTests;
				PRODUCT_NAME = "$(TARGET_NAME)";
				TEST_HOST = "$(BUILT_PRODUCTS_DIR)/UserTokens.app/UserTokens";
			};
			name = Debug;
		};
		52ECF8311B41A7F400D5AAB7 /* Release */ = {
			isa = XCBuildConfiguration;
			buildSettings = {
				BUNDLE_LOADER = "$(TEST_HOST)";
				INFOPLIST_FILE = UserTokensTests/Info.plist;
				LD_RUNPATH_SEARCH_PATHS = "$(inherited) @executable_path/Frameworks @loader_path/Frameworks";
				PRODUCT_BUNDLE_IDENTIFIER = com.HumanAPI.johnregner.UserTokensTests;
				PRODUCT_NAME = "$(TARGET_NAME)";
				TEST_HOST = "$(BUILT_PRODUCTS_DIR)/UserTokens.app/UserTokens";
			};
			name = Release;
		};
		52ECF8331B41A7F400D5AAB7 /* Debug */ = {
			isa = XCBuildConfiguration;
			buildSettings = {
				INFOPLIST_FILE = UserTokensUITests/Info.plist;
				LD_RUNPATH_SEARCH_PATHS = "$(inherited) @executable_path/Frameworks @loader_path/Frameworks";
				PRODUCT_BUNDLE_IDENTIFIER = com.HumanAPI.johnregner.UserTokensUITests;
				PRODUCT_NAME = "$(TARGET_NAME)";
				TEST_TARGET_NAME = UserTokens;
				USES_XCTRUNNER = YES;
			};
			name = Debug;
		};
		52ECF8341B41A7F400D5AAB7 /* Release */ = {
			isa = XCBuildConfiguration;
			buildSettings = {
				INFOPLIST_FILE = UserTokensUITests/Info.plist;
				LD_RUNPATH_SEARCH_PATHS = "$(inherited) @executable_path/Frameworks @loader_path/Frameworks";
				PRODUCT_BUNDLE_IDENTIFIER = com.HumanAPI.johnregner.UserTokensUITests;
				PRODUCT_NAME = "$(TARGET_NAME)";
				TEST_TARGET_NAME = UserTokens;
				USES_XCTRUNNER = YES;
			};
			name = Release;
		};
/* End XCBuildConfiguration section */

/* Begin XCConfigurationList section */
		52ECF7FF1B41A7F400D5AAB7 /* Build configuration list for PBXProject "UserTokens" */ = {
			isa = XCConfigurationList;
			buildConfigurations = (
				52ECF82A1B41A7F400D5AAB7 /* Debug */,
				52ECF82B1B41A7F400D5AAB7 /* Release */,
			);
			defaultConfigurationIsVisible = 0;
			defaultConfigurationName = Release;
		};
		52ECF82C1B41A7F400D5AAB7 /* Build configuration list for PBXNativeTarget "UserTokens" */ = {
			isa = XCConfigurationList;
			buildConfigurations = (
				52ECF82D1B41A7F400D5AAB7 /* Debug */,
				52ECF82E1B41A7F400D5AAB7 /* Release */,
			);
			defaultConfigurationIsVisible = 0;
		};
		52ECF82F1B41A7F400D5AAB7 /* Build configuration list for PBXNativeTarget "UserTokensTests" */ = {
			isa = XCConfigurationList;
			buildConfigurations = (
				52ECF8301B41A7F400D5AAB7 /* Debug */,
				52ECF8311B41A7F400D5AAB7 /* Release */,
			);
			defaultConfigurationIsVisible = 0;
		};
		52ECF8321B41A7F400D5AAB7 /* Build configuration list for PBXNativeTarget "UserTokensUITests" */ = {
			isa = XCConfigurationList;
			buildConfigurations = (
				52ECF8331B41A7F400D5AAB7 /* Debug */,
				52ECF8341B41A7F400D5AAB7 /* Release */,
			);
			defaultConfigurationIsVisible = 0;
		};
/* End XCConfigurationList section */
	};
	rootObject = 52ECF7FC1B41A7F400D5AAB7 /* Project object */;
}
